{
  "version": 4,
  "terraform_version": "1.15.2",
  "serial": 23,
  "lineage": "1b3af20a-aa7c-15a2-cbc8-4ea64d6ddddb",
  "outputs": {},
  "resources": [
    {
      "mode": "managed",
      "type": "random_id",
      "name": "vm_suffix",
      "provider": "provider[\"registry.terraform.io/hashicorp/random\"]",
      "instances": [
        {
          "schema_version": 0,
          "attributes": {
            "b64_std": "UZ9CEg==",
            "b64_url": "UZ9CEg",
            "byte_length": 4,
            "dec": "1369391634",
            "hex": "519f4212",
            "id": "UZ9CEg",
            "keepers": null,
            "prefix": null
          },
          "sensitive_attributes": [],
          "identity_schema_version": 0
        }
      ]
    }
  ],
  "check_results": null
}
